
Microsoft Visual Studio Solution File, Format Version 12.00
# Visual Studio 15
VisualStudioVersion = 15.0.26124.0
MinimumVisualStudioVersion = 15.0.26124.0
Project("{2150E333-8FDC-42A3-9474-1A3956D46DE8}") = "src", "src", "{0DE9CEF4-2FE8-4C59-B86E-91B00C67F772}"
EndProject
Project("{FAE04EC0-301F-11D3-BF4B-00C04F79EFBC}") = "Itinero", "src\Itinero\Itinero.csproj", "{1ACD2D53-1CDC-4F32-84C7-721457181EC7}"
EndProject
Project("{2150E333-8FDC-42A3-9474-1A3956D46DE8}") = "root", "root", "{A3A9D1F8-AB2B-4316-B64E-E67AEE768E10}"
	ProjectSection(SolutionItems) = preProject
		README.md = README.md
		.gitignore = .gitignore
		NOTICE.md = NOTICE.md
		LICENSE.md = LICENSE.md
		SharedAssemblyVersion.cs = SharedAssemblyVersion.cs
	EndProjectSection
EndProject
Project("{2150E333-8FDC-42A3-9474-1A3956D46DE8}") = "test", "test", "{0EFCE06D-E8CE-461C-A1E1-0AECC1BE06E5}"
EndProject
Project("{FAE04EC0-301F-11D3-BF4B-00C04F79EFBC}") = "Itinero.Tests", "test\Itinero.Tests\Itinero.Tests.csproj", "{5240E6EE-CC00-48BC-AE4A-B4AFDABC446D}"
EndProject
Project("{FAE04EC0-301F-11D3-BF4B-00C04F79EFBC}") = "Itinero.Tests.Functional", "test\Itinero.Tests.Functional\Itinero.Tests.Functional.csproj", "{A57C1E7A-54AD-435B-A2FC-25BCCF6D4AB4}"
EndProject
Project("{FAE04EC0-301F-11D3-BF4B-00C04F79EFBC}") = "Itinero.IO.Osm", "src\Itinero.IO.Osm\Itinero.IO.Osm.csproj", "{FA495F36-10D1-49C5-BBBF-55D9DFE02679}"
EndProject
Project("{FAE04EC0-301F-11D3-BF4B-00C04F79EFBC}") = "Itinero.IO.Shape", "src\Itinero.IO.Shape\Itinero.IO.Shape.csproj", "{9176A3F8-8B17-409B-9820-13649B8DF9C5}"
EndProject
Project("{FAE04EC0-301F-11D3-BF4B-00C04F79EFBC}") = "Itinero.IO.Osm.Tiles", "src\Itinero.IO.Osm.Tiles\Itinero.IO.Osm.Tiles.csproj", "{EBB62F91-B255-4E48-A933-BDA3A5ECAA84}"
EndProject
Project("{2150E333-8FDC-42A3-9474-1A3956D46DE8}") = "docs", "docs", "{06B47317-FE05-4B5E-BC50-47DA1DC8B151}"
ProjectSection(SolutionItems) = preProject
	docs\routable-tiles-ghent.png = docs\routable-tiles-ghent.png
	docs\ROADMAP.md = docs\ROADMAP.md
EndProjectSection
EndProject
Global
	GlobalSection(SolutionConfigurationPlatforms) = preSolution
		Debug|Any CPU = Debug|Any CPU
		Debug|x64 = Debug|x64
		Debug|x86 = Debug|x86
		Release|Any CPU = Release|Any CPU
		Release|x64 = Release|x64
		Release|x86 = Release|x86
	EndGlobalSection
	GlobalSection(SolutionProperties) = preSolution
		HideSolutionNode = FALSE
	EndGlobalSection
	GlobalSection(ProjectConfigurationPlatforms) = postSolution
		{1ACD2D53-1CDC-4F32-84C7-721457181EC7}.Debug|Any CPU.ActiveCfg = Debug|Any CPU
		{1ACD2D53-1CDC-4F32-84C7-721457181EC7}.Debug|Any CPU.Build.0 = Debug|Any CPU
		{1ACD2D53-1CDC-4F32-84C7-721457181EC7}.Debug|x64.ActiveCfg = Debug|Any CPU
		{1ACD2D53-1CDC-4F32-84C7-721457181EC7}.Debug|x64.Build.0 = Debug|Any CPU
		{1ACD2D53-1CDC-4F32-84C7-721457181EC7}.Debug|x86.ActiveCfg = Debug|Any CPU
		{1ACD2D53-1CDC-4F32-84C7-721457181EC7}.Debug|x86.Build.0 = Debug|Any CPU
		{1ACD2D53-1CDC-4F32-84C7-721457181EC7}.Release|Any CPU.ActiveCfg = Release|Any CPU
		{1ACD2D53-1CDC-4F32-84C7-721457181EC7}.Release|Any CPU.Build.0 = Release|Any CPU
		{1ACD2D53-1CDC-4F32-84C7-721457181EC7}.Release|x64.ActiveCfg = Release|Any CPU
		{1ACD2D53-1CDC-4F32-84C7-721457181EC7}.Release|x64.Build.0 = Release|Any CPU
		{1ACD2D53-1CDC-4F32-84C7-721457181EC7}.Release|x86.ActiveCfg = Release|Any CPU
		{1ACD2D53-1CDC-4F32-84C7-721457181EC7}.Release|x86.Build.0 = Release|Any CPU
		{5240E6EE-CC00-48BC-AE4A-B4AFDABC446D}.Debug|Any CPU.ActiveCfg = Debug|Any CPU
		{5240E6EE-CC00-48BC-AE4A-B4AFDABC446D}.Debug|Any CPU.Build.0 = Debug|Any CPU
		{5240E6EE-CC00-48BC-AE4A-B4AFDABC446D}.Debug|x64.ActiveCfg = Debug|Any CPU
		{5240E6EE-CC00-48BC-AE4A-B4AFDABC446D}.Debug|x64.Build.0 = Debug|Any CPU
		{5240E6EE-CC00-48BC-AE4A-B4AFDABC446D}.Debug|x86.ActiveCfg = Debug|Any CPU
		{5240E6EE-CC00-48BC-AE4A-B4AFDABC446D}.Debug|x86.Build.0 = Debug|Any CPU
		{5240E6EE-CC00-48BC-AE4A-B4AFDABC446D}.Release|Any CPU.ActiveCfg = Release|Any CPU
		{5240E6EE-CC00-48BC-AE4A-B4AFDABC446D}.Release|Any CPU.Build.0 = Release|Any CPU
		{5240E6EE-CC00-48BC-AE4A-B4AFDABC446D}.Release|x64.ActiveCfg = Release|Any CPU
		{5240E6EE-CC00-48BC-AE4A-B4AFDABC446D}.Release|x64.Build.0 = Release|Any CPU
		{5240E6EE-CC00-48BC-AE4A-B4AFDABC446D}.Release|x86.ActiveCfg = Release|Any CPU
		{5240E6EE-CC00-48BC-AE4A-B4AFDABC446D}.Release|x86.Build.0 = Release|Any CPU
		{A57C1E7A-54AD-435B-A2FC-25BCCF6D4AB4}.Debug|Any CPU.ActiveCfg = Debug|Any CPU
		{A57C1E7A-54AD-435B-A2FC-25BCCF6D4AB4}.Debug|Any CPU.Build.0 = Debug|Any CPU
		{A57C1E7A-54AD-435B-A2FC-25BCCF6D4AB4}.Debug|x64.ActiveCfg = Debug|Any CPU
		{A57C1E7A-54AD-435B-A2FC-25BCCF6D4AB4}.Debug|x64.Build.0 = Debug|Any CPU
		{A57C1E7A-54AD-435B-A2FC-25BCCF6D4AB4}.Debug|x86.ActiveCfg = Debug|Any CPU
		{A57C1E7A-54AD-435B-A2FC-25BCCF6D4AB4}.Debug|x86.Build.0 = Debug|Any CPU
		{A57C1E7A-54AD-435B-A2FC-25BCCF6D4AB4}.Release|Any CPU.ActiveCfg = Release|Any CPU
		{A57C1E7A-54AD-435B-A2FC-25BCCF6D4AB4}.Release|Any CPU.Build.0 = Release|Any CPU
		{A57C1E7A-54AD-435B-A2FC-25BCCF6D4AB4}.Release|x64.ActiveCfg = Release|Any CPU
		{A57C1E7A-54AD-435B-A2FC-25BCCF6D4AB4}.Release|x64.Build.0 = Release|Any CPU
		{A57C1E7A-54AD-435B-A2FC-25BCCF6D4AB4}.Release|x86.ActiveCfg = Release|Any CPU
		{A57C1E7A-54AD-435B-A2FC-25BCCF6D4AB4}.Release|x86.Build.0 = Release|Any CPU
		{FA495F36-10D1-49C5-BBBF-55D9DFE02679}.Debug|Any CPU.ActiveCfg = Debug|Any CPU
		{FA495F36-10D1-49C5-BBBF-55D9DFE02679}.Debug|Any CPU.Build.0 = Debug|Any CPU
		{FA495F36-10D1-49C5-BBBF-55D9DFE02679}.Debug|x64.ActiveCfg = Debug|Any CPU
		{FA495F36-10D1-49C5-BBBF-55D9DFE02679}.Debug|x64.Build.0 = Debug|Any CPU
		{FA495F36-10D1-49C5-BBBF-55D9DFE02679}.Debug|x86.ActiveCfg = Debug|Any CPU
		{FA495F36-10D1-49C5-BBBF-55D9DFE02679}.Debug|x86.Build.0 = Debug|Any CPU
		{FA495F36-10D1-49C5-BBBF-55D9DFE02679}.Release|Any CPU.ActiveCfg = Release|Any CPU
		{FA495F36-10D1-49C5-BBBF-55D9DFE02679}.Release|Any CPU.Build.0 = Release|Any CPU
		{FA495F36-10D1-49C5-BBBF-55D9DFE02679}.Release|x64.ActiveCfg = Release|Any CPU
		{FA495F36-10D1-49C5-BBBF-55D9DFE02679}.Release|x64.Build.0 = Release|Any CPU
		{FA495F36-10D1-49C5-BBBF-55D9DFE02679}.Release|x86.ActiveCfg = Release|Any CPU
		{FA495F36-10D1-49C5-BBBF-55D9DFE02679}.Release|x86.Build.0 = Release|Any CPU
		{9176A3F8-8B17-409B-9820-13649B8DF9C5}.Debug|Any CPU.ActiveCfg = Debug|Any CPU
		{9176A3F8-8B17-409B-9820-13649B8DF9C5}.Debug|Any CPU.Build.0 = Debug|Any CPU
		{9176A3F8-8B17-409B-9820-13649B8DF9C5}.Debug|x64.ActiveCfg = Debug|Any CPU
		{9176A3F8-8B17-409B-9820-13649B8DF9C5}.Debug|x64.Build.0 = Debug|Any CPU
		{9176A3F8-8B17-409B-9820-13649B8DF9C5}.Debug|x86.ActiveCfg = Debug|Any CPU
		{9176A3F8-8B17-409B-9820-13649B8DF9C5}.Debug|x86.Build.0 = Debug|Any CPU
		{9176A3F8-8B17-409B-9820-13649B8DF9C5}.Release|Any CPU.ActiveCfg = Release|Any CPU
		{9176A3F8-8B17-409B-9820-13649B8DF9C5}.Release|Any CPU.Build.0 = Release|Any CPU
		{9176A3F8-8B17-409B-9820-13649B8DF9C5}.Release|x64.ActiveCfg = Release|Any CPU
		{9176A3F8-8B17-409B-9820-13649B8DF9C5}.Release|x64.Build.0 = Release|Any CPU
		{9176A3F8-8B17-409B-9820-13649B8DF9C5}.Release|x86.ActiveCfg = Release|Any CPU
		{9176A3F8-8B17-409B-9820-13649B8DF9C5}.Release|x86.Build.0 = Release|Any CPU
		{EBB62F91-B255-4E48-A933-BDA3A5ECAA84}.Debug|Any CPU.ActiveCfg = Debug|Any CPU
		{EBB62F91-B255-4E48-A933-BDA3A5ECAA84}.Debug|Any CPU.Build.0 = Debug|Any CPU
		{EBB62F91-B255-4E48-A933-BDA3A5ECAA84}.Debug|x64.ActiveCfg = Debug|Any CPU
		{EBB62F91-B255-4E48-A933-BDA3A5ECAA84}.Debug|x64.Build.0 = Debug|Any CPU
		{EBB62F91-B255-4E48-A933-BDA3A5ECAA84}.Debug|x86.ActiveCfg = Debug|Any CPU
		{EBB62F91-B255-4E48-A933-BDA3A5ECAA84}.Debug|x86.Build.0 = Debug|Any CPU
		{EBB62F91-B255-4E48-A933-BDA3A5ECAA84}.Release|Any CPU.ActiveCfg = Release|Any CPU
		{EBB62F91-B255-4E48-A933-BDA3A5ECAA84}.Release|Any CPU.Build.0 = Release|Any CPU
		{EBB62F91-B255-4E48-A933-BDA3A5ECAA84}.Release|x64.ActiveCfg = Release|Any CPU
		{EBB62F91-B255-4E48-A933-BDA3A5ECAA84}.Release|x64.Build.0 = Release|Any CPU
		{EBB62F91-B255-4E48-A933-BDA3A5ECAA84}.Release|x86.ActiveCfg = Release|Any CPU
		{EBB62F91-B255-4E48-A933-BDA3A5ECAA84}.Release|x86.Build.0 = Release|Any CPU
	EndGlobalSection
	GlobalSection(NestedProjects) = preSolution
		{1ACD2D53-1CDC-4F32-84C7-721457181EC7} = {0DE9CEF4-2FE8-4C59-B86E-91B00C67F772}
		{5240E6EE-CC00-48BC-AE4A-B4AFDABC446D} = {0EFCE06D-E8CE-461C-A1E1-0AECC1BE06E5}
		{A57C1E7A-54AD-435B-A2FC-25BCCF6D4AB4} = {0EFCE06D-E8CE-461C-A1E1-0AECC1BE06E5}
		{FA495F36-10D1-49C5-BBBF-55D9DFE02679} = {0DE9CEF4-2FE8-4C59-B86E-91B00C67F772}
		{9176A3F8-8B17-409B-9820-13649B8DF9C5} = {0DE9CEF4-2FE8-4C59-B86E-91B00C67F772}
		{EBB62F91-B255-4E48-A933-BDA3A5ECAA84} = {0DE9CEF4-2FE8-4C59-B86E-91B00C67F772}
	EndGlobalSection
EndGlobal
