
Microsoft Visual Studio Solution File, Format Version 12.00
# Visual Studio 15
VisualStudioVersion = 15.0.26124.0
MinimumVisualStudioVersion = 15.0.26124.0
Project("{2150E333-8FDC-42A3-9474-1A3956D46DE8}") = "src", "src", "{0DE9CEF4-2FE8-4C59-B86E-91B00C67F772}"
EndProject
Project("{FAE04EC0-301F-11D3-BF4B-00C04F79EFBC}") = "Itinero", "src\Itinero\Itinero.csproj", "{1ACD2D53-1CDC-4F32-84C7-721457181EC7}"
EndProject
Project("{2150E333-8FDC-42A3-9474-1A3956D46DE8}") = "root", "root", "{A3A9D1F8-AB2B-4316-B64E-E67AEE768E10}"
ProjectSection(SolutionItems) = preProject
	README.md = README.md
EndProjectSection
EndProject
Global
	GlobalSection(SolutionConfigurationPlatforms) = preSolution
		Debug|Any CPU = Debug|Any CPU
		Debug|x64 = Debug|x64
		Debug|x86 = Debug|x86
		Release|Any CPU = Release|Any CPU
		Release|x64 = Release|x64
		Release|x86 = Release|x86
	EndGlobalSection
	GlobalSection(SolutionProperties) = preSolution
		HideSolutionNode = FALSE
	EndGlobalSection
	GlobalSection(ProjectConfigurationPlatforms) = postSolution
		{1ACD2D53-1CDC-4F32-84C7-721457181EC7}.Debug|Any CPU.ActiveCfg = Debug|Any CPU
		{1ACD2D53-1CDC-4F32-84C7-721457181EC7}.Debug|Any CPU.Build.0 = Debug|Any CPU
		{1ACD2D53-1CDC-4F32-84C7-721457181EC7}.Debug|x64.ActiveCfg = Debug|Any CPU
		{1ACD2D53-1CDC-4F32-84C7-721457181EC7}.Debug|x64.Build.0 = Debug|Any CPU
		{1ACD2D53-1CDC-4F32-84C7-721457181EC7}.Debug|x86.ActiveCfg = Debug|Any CPU
		{1ACD2D53-1CDC-4F32-84C7-721457181EC7}.Debug|x86.Build.0 = Debug|Any CPU
		{1ACD2D53-1CDC-4F32-84C7-721457181EC7}.Release|Any CPU.ActiveCfg = Release|Any CPU
		{1ACD2D53-1CDC-4F32-84C7-721457181EC7}.Release|Any CPU.Build.0 = Release|Any CPU
		{1ACD2D53-1CDC-4F32-84C7-721457181EC7}.Release|x64.ActiveCfg = Release|Any CPU
		{1ACD2D53-1CDC-4F32-84C7-721457181EC7}.Release|x64.Build.0 = Release|Any CPU
		{1ACD2D53-1CDC-4F32-84C7-721457181EC7}.Release|x86.ActiveCfg = Release|Any CPU
		{1ACD2D53-1CDC-4F32-84C7-721457181EC7}.Release|x86.Build.0 = Release|Any CPU
	EndGlobalSection
	GlobalSection(NestedProjects) = preSolution
		{1ACD2D53-1CDC-4F32-84C7-721457181EC7} = {0DE9CEF4-2FE8-4C59-B86E-91B00C67F772}
	EndGlobalSection
EndGlobal
